{
  "name": "chaisheet",
  "version": "1.0.0",
  "lockfileVersion": 3,
  "requires": true,
  "packages": {
    "": {
      "name": "chaisheet",
      "version": "1.0.0",
      "license": "MIT",
      "dependencies": {
        "chaisheet": "^1.0.0"
      }
    },
    "node_modules/chaisheet": {
      "version": "1.0.0",
      "resolved": "https://registry.npmjs.org/chaisheet/-/chaisheet-1.0.0.tgz",
      "integrity": "sha512-f393N8SmY9FJEMJES2UuUOoiv/PPhqNQVnzZMzGfeSUHY+QGrhrPYNB7Z6uy2NMjd9YToFR6JGrGfhxL91e+yg==",
      "license": "MIT"
    }
  }
}
